
Microsoft Visual Studio Solution File, Format Version 12.00
# Visual Studio Version 17
VisualStudioVersion = 17.4.33110.190
MinimumVisualStudioVersion = 10.0.40219.1
Project("{FAE04EC0-301F-11D3-BF4B-00C04F79EFBC}") = "GitHubTest_1_Leson1_3", "GitHubTest_1_Leson1_3.csproj", "{7370DF34-3C69-485F-AF98-9332C9E3FB97}"
EndProject
Global
	GlobalSection(SolutionConfigurationPlatforms) = preSolution
		Debug|Any CPU = Debug|Any CPU
		Release|Any CPU = Release|Any CPU
	EndGlobalSection
	GlobalSection(ProjectConfigurationPlatforms) = postSolution
		{7370DF34-3C69-485F-AF98-9332C9E3FB97}.Debug|Any CPU.ActiveCfg = Debug|Any CPU
		{7370DF34-3C69-485F-AF98-9332C9E3FB97}.Debug|Any CPU.Build.0 = Debug|Any CPU
		{7370DF34-3C69-485F-AF98-9332C9E3FB97}.Release|Any CPU.ActiveCfg = Release|Any CPU
		{7370DF34-3C69-485F-AF98-9332C9E3FB97}.Release|Any CPU.Build.0 = Release|Any CPU
	EndGlobalSection
	GlobalSection(SolutionProperties) = preSolution
		HideSolutionNode = FALSE
	EndGlobalSection
	GlobalSection(ExtensibilityGlobals) = postSolution
		SolutionGuid = {6E73AD4E-1B06-4D01-B166-39BECE180104}
	EndGlobalSection
EndGlobal
